
Microsoft Visual Studio Solution File, Format Version 12.00
# Visual Studio 2013
Project("{FAE04EC0-301F-11D3-BF4B-00C04F79EFBC}") = "githubPlane.CSharp.Plugins", "githubPlane.CSharp.Plugins.csproj", "{3CFA29B8-2576-7EF8-62D5-7FACC06027AD}"
EndProject
Project("{FAE04EC0-301F-11D3-BF4B-00C04F79EFBC}") = "githubPlane.CSharp", "githubPlane.CSharp.csproj", "{94C56C19-D996-31C2-7998-DBCD8FEADD48}"
EndProject
Project("{FAE04EC0-301F-11D3-BF4B-00C04F79EFBC}") = "githubPlane.CSharp.Editor", "githubPlane.CSharp.Editor.csproj", "{1C19F1F9-FD30-7B61-0A82-67ABF062AA75}"
EndProject
Global
	GlobalSection(SolutionConfigurationPlatforms) = preSolution
		Debug|Any CPU = Debug|Any CPU
		Release|Any CPU = Release|Any CPU
	EndGlobalSection
	GlobalSection(ProjectConfigurationPlatforms) = postSolution
		{3CFA29B8-2576-7EF8-62D5-7FACC06027AD}.Debug|Any CPU.ActiveCfg = Debug|Any CPU
		{3CFA29B8-2576-7EF8-62D5-7FACC06027AD}.Debug|Any CPU.Build.0 = Debug|Any CPU
		{3CFA29B8-2576-7EF8-62D5-7FACC06027AD}.Release|Any CPU.ActiveCfg = Release|Any CPU
		{3CFA29B8-2576-7EF8-62D5-7FACC06027AD}.Release|Any CPU.Build.0 = Release|Any CPU
		{94C56C19-D996-31C2-7998-DBCD8FEADD48}.Debug|Any CPU.ActiveCfg = Debug|Any CPU
		{94C56C19-D996-31C2-7998-DBCD8FEADD48}.Debug|Any CPU.Build.0 = Debug|Any CPU
		{94C56C19-D996-31C2-7998-DBCD8FEADD48}.Release|Any CPU.ActiveCfg = Release|Any CPU
		{94C56C19-D996-31C2-7998-DBCD8FEADD48}.Release|Any CPU.Build.0 = Release|Any CPU
		{1C19F1F9-FD30-7B61-0A82-67ABF062AA75}.Debug|Any CPU.ActiveCfg = Debug|Any CPU
		{1C19F1F9-FD30-7B61-0A82-67ABF062AA75}.Debug|Any CPU.Build.0 = Debug|Any CPU
		{1C19F1F9-FD30-7B61-0A82-67ABF062AA75}.Release|Any CPU.ActiveCfg = Release|Any CPU
		{1C19F1F9-FD30-7B61-0A82-67ABF062AA75}.Release|Any CPU.Build.0 = Release|Any CPU
	EndGlobalSection
	GlobalSection(SolutionProperties) = preSolution
		HideSolutionNode = FALSE
	EndGlobalSection
EndGlobal
